
Microsoft Visual Studio Solution File, Format Version 12.00
# Visual Studio Version 16
VisualStudioVersion = 16.0.31005.135
MinimumVisualStudioVersion = 10.0.40219.1
Project("{F184B08F-C81C-45F6-A57F-5ABD9991F28F}") = "PA2", "PA2\PA2.vbproj", "{CC46FDF6-25E5-4412-8385-5C365644FAA3}"
EndProject
Global
	GlobalSection(SolutionConfigurationPlatforms) = preSolution
		Debug|Any CPU = Debug|Any CPU
		Release|Any CPU = Release|Any CPU
	EndGlobalSection
	GlobalSection(ProjectConfigurationPlatforms) = postSolution
		{CC46FDF6-25E5-4412-8385-5C365644FAA3}.Debug|Any CPU.ActiveCfg = Debug|Any CPU
		{CC46FDF6-25E5-4412-8385-5C365644FAA3}.Debug|Any CPU.Build.0 = Debug|Any CPU
		{CC46FDF6-25E5-4412-8385-5C365644FAA3}.Release|Any CPU.ActiveCfg = Release|Any CPU
		{CC46FDF6-25E5-4412-8385-5C365644FAA3}.Release|Any CPU.Build.0 = Release|Any CPU
	EndGlobalSection
	GlobalSection(SolutionProperties) = preSolution
		HideSolutionNode = FALSE
	EndGlobalSection
	GlobalSection(ExtensibilityGlobals) = postSolution
		SolutionGuid = {673B807E-BB0E-4DF0-86B9-C1AB68B034CC}
	EndGlobalSection
EndGlobal
